// !$*UTF8*$!
{
	archiveVersion = 1;
	classes = {
	};
	objectVersion = 56;
	objects = {

/* Begin PBXBuildFile section */
		A10B7D6B29D8BA3700BD2D86 /* PinterestLayout.swift in Sources */ = {isa = PBXBuildFile; fileRef = A10B7D6A29D8BA3700BD2D86 /* PinterestLayout.swift */; };
		A10B7D6D29D9B3E500BD2D86 /* NewDetailController.swift in Sources */ = {isa = PBXBuildFile; fileRef = A10B7D6C29D9B3E500BD2D86 /* NewDetailController.swift */; };
		A10B7D6F29D9C3E500BD2D86 /* ImagePage.swift in Sources */ = {isa = PBXBuildFile; fileRef = A10B7D6E29D9C3E500BD2D86 /* ImagePage.swift */; };
		A10B7D7229D9C69400BD2D86 /* SnapKit in Frameworks */ = {isa = PBXBuildFile; productRef = A10B7D7129D9C69400BD2D86 /* SnapKit */; };
		A10B7D7B29DC8C8300BD2D86 /* Date+Extension.swift in Sources */ = {isa = PBXBuildFile; fileRef = A10B7D7A29DC8C8300BD2D86 /* Date+Extension.swift */; };
		EC70686129C98DA50049D26A /* AppDelegate.swift in Sources */ = {isa = PBXBuildFile; fileRef = EC70686029C98DA50049D26A /* AppDelegate.swift */; };
		EC70686329C98DA50049D26A /* SceneDelegate.swift in Sources */ = {isa = PBXBuildFile; fileRef = EC70686229C98DA50049D26A /* SceneDelegate.swift */; };
		EC70686A29C98DAA0049D26A /* Assets.xcassets in Resources */ = {isa = PBXBuildFile; fileRef = EC70686929C98DAA0049D26A /* Assets.xcassets */; };
		EC70686D29C98DAA0049D26A /* LaunchScreen.storyboard in Resources */ = {isa = PBXBuildFile; fileRef = EC70686B29C98DAA0049D26A /* LaunchScreen.storyboard */; };
		EC70687529C98DCB0049D26A /* Model.swift in Sources */ = {isa = PBXBuildFile; fileRef = EC70687429C98DCB0049D26A /* Model.swift */; };
		EC70688329D30ECE0049D26A /* NewInfoViewModel.swift in Sources */ = {isa = PBXBuildFile; fileRef = EC70688229D30ECD0049D26A /* NewInfoViewModel.swift */; };
		EC76C60D29D3140600FBE408 /* NewViewCell.swift in Sources */ = {isa = PBXBuildFile; fileRef = EC76C60C29D3140600FBE408 /* NewViewCell.swift */; };
		EC76C60F29D31B6E00FBE408 /* NewService.swift in Sources */ = {isa = PBXBuildFile; fileRef = EC76C60E29D31B6E00FBE408 /* NewService.swift */; };
		EC76C61129D3243400FBE408 /* Extension+UIViewController.swift in Sources */ = {isa = PBXBuildFile; fileRef = EC76C61029D3243400FBE408 /* Extension+UIViewController.swift */; };
		EC76C61329D33A0B00FBE408 /* MainNewController.swift in Sources */ = {isa = PBXBuildFile; fileRef = EC76C61229D33A0B00FBE408 /* MainNewController.swift */; };
/* End PBXBuildFile section */

/* Begin PBXFileReference section */
		A10B7D6A29D8BA3700BD2D86 /* PinterestLayout.swift */ = {isa = PBXFileReference; lastKnownFileType = sourcecode.swift; path = PinterestLayout.swift; sourceTree = "<group>"; };
		A10B7D6C29D9B3E500BD2D86 /* NewDetailController.swift */ = {isa = PBXFileReference; lastKnownFileType = sourcecode.swift; path = NewDetailController.swift; sourceTree = "<group>"; };
		A10B7D6E29D9C3E500BD2D86 /* ImagePage.swift */ = {isa = PBXFileReference; lastKnownFileType = sourcecode.swift; path = ImagePage.swift; sourceTree = "<group>"; };
		A10B7D7A29DC8C8300BD2D86 /* Date+Extension.swift */ = {isa = PBXFileReference; lastKnownFileType = sourcecode.swift; path = "Date+Extension.swift"; sourceTree = "<group>"; };
		EC70685D29C98DA50049D26A /* Test.app */ = {isa = PBXFileReference; explicitFileType = wrapper.application; includeInIndex = 0; path = Test.app; sourceTree = BUILT_PRODUCTS_DIR; };
		EC70686029C98DA50049D26A /* AppDelegate.swift */ = {isa = PBXFileReference; lastKnownFileType = sourcecode.swift; path = AppDelegate.swift; sourceTree = "<group>"; };
		EC70686229C98DA50049D26A /* SceneDelegate.swift */ = {isa = PBXFileReference; lastKnownFileType = sourcecode.swift; path = SceneDelegate.swift; sourceTree = "<group>"; };
		EC70686929C98DAA0049D26A /* Assets.xcassets */ = {isa = PBXFileReference; lastKnownFileType = folder.assetcatalog; path = Assets.xcassets; sourceTree = "<group>"; };
		EC70686C29C98DAA0049D26A /* Base */ = {isa = PBXFileReference; lastKnownFileType = file.storyboard; name = Base; path = Base.lproj/LaunchScreen.storyboard; sourceTree = "<group>"; };
		EC70686E29C98DAA0049D26A /* Info.plist */ = {isa = PBXFileReference; lastKnownFileType = text.plist.xml; path = Info.plist; sourceTree = "<group>"; };
		EC70687429C98DCB0049D26A /* Model.swift */ = {isa = PBXFileReference; lastKnownFileType = sourcecode.swift; path = Model.swift; sourceTree = "<group>"; };
		EC70688229D30ECD0049D26A /* NewInfoViewModel.swift */ = {isa = PBXFileReference; lastKnownFileType = sourcecode.swift; path = NewInfoViewModel.swift; sourceTree = "<group>"; };
		EC76C60C29D3140600FBE408 /* NewViewCell.swift */ = {isa = PBXFileReference; lastKnownFileType = sourcecode.swift; path = NewViewCell.swift; sourceTree = "<group>"; };
		EC76C60E29D31B6E00FBE408 /* NewService.swift */ = {isa = PBXFileReference; lastKnownFileType = sourcecode.swift; path = NewService.swift; sourceTree = "<group>"; };
		EC76C61029D3243400FBE408 /* Extension+UIViewController.swift */ = {isa = PBXFileReference; lastKnownFileType = sourcecode.swift; path = "Extension+UIViewController.swift"; sourceTree = "<group>"; };
		EC76C61229D33A0B00FBE408 /* MainNewController.swift */ = {isa = PBXFileReference; lastKnownFileType = sourcecode.swift; path = MainNewController.swift; sourceTree = "<group>"; };
/* End PBXFileReference section */

/* Begin PBXFrameworksBuildPhase section */
		EC70685A29C98DA50049D26A /* Frameworks */ = {
			isa = PBXFrameworksBuildPhase;
			buildActionMask = 2147483647;
			files = (
				A10B7D7229D9C69400BD2D86 /* SnapKit in Frameworks */,
			);
			runOnlyForDeploymentPostprocessing = 0;
		};
/* End PBXFrameworksBuildPhase section */

/* Begin PBXGroup section */
		A10B7D7329D9E1FD00BD2D86 /* Extension */ = {
			isa = PBXGroup;
			children = (
				A10B7D6A29D8BA3700BD2D86 /* PinterestLayout.swift */,
				EC76C61029D3243400FBE408 /* Extension+UIViewController.swift */,
				A10B7D7A29DC8C8300BD2D86 /* Date+Extension.swift */,
			);
			name = Extension;
			sourceTree = "<group>";
		};
		A10B7D7429D9E21500BD2D86 /* Model */ = {
			isa = PBXGroup;
			children = (
				EC70687429C98DCB0049D26A /* Model.swift */,
			);
			name = Model;
			sourceTree = "<group>";
		};
		A10B7D7529D9E21F00BD2D86 /* App */ = {
			isa = PBXGroup;
			children = (
				EC70686029C98DA50049D26A /* AppDelegate.swift */,
				EC70686229C98DA50049D26A /* SceneDelegate.swift */,
				EC70686929C98DAA0049D26A /* Assets.xcassets */,
				EC70686B29C98DAA0049D26A /* LaunchScreen.storyboard */,
			);
			name = App;
			sourceTree = "<group>";
		};
		A10B7D7629D9E23400BD2D86 /* viewcontroller */ = {
			isa = PBXGroup;
			children = (
				EC76C61229D33A0B00FBE408 /* MainNewController.swift */,
				A10B7D6C29D9B3E500BD2D86 /* NewDetailController.swift */,
			);
			name = viewcontroller;
			sourceTree = "<group>";
		};
		A10B7D7729D9E25200BD2D86 /* ViewModel */ = {
			isa = PBXGroup;
			children = (
				EC70688229D30ECD0049D26A /* NewInfoViewModel.swift */,
			);
			name = ViewModel;
			sourceTree = "<group>";
		};
		A10B7D7829D9E26200BD2D86 /* Views */ = {
			isa = PBXGroup;
			children = (
				EC76C60C29D3140600FBE408 /* NewViewCell.swift */,
				A10B7D6E29D9C3E500BD2D86 /* ImagePage.swift */,
			);
			name = Views;
			sourceTree = "<group>";
		};
		A10B7D7929D9E27400BD2D86 /* Service */ = {
			isa = PBXGroup;
			children = (
				EC76C60E29D31B6E00FBE408 /* NewService.swift */,
			);
			name = Service;
			sourceTree = "<group>";
		};
		EC70685429C98DA40049D26A = {
			isa = PBXGroup;
			children = (
				EC70685F29C98DA50049D26A /* Test */,
				EC70685E29C98DA50049D26A /* Products */,
			);
			sourceTree = "<group>";
		};
		EC70685E29C98DA50049D26A /* Products */ = {
			isa = PBXGroup;
			children = (
				EC70685D29C98DA50049D26A /* Test.app */,
			);
			name = Products;
			sourceTree = "<group>";
		};
		EC70685F29C98DA50049D26A /* Test */ = {
			isa = PBXGroup;
			children = (
				EC70686E29C98DAA0049D26A /* Info.plist */,
				A10B7D7929D9E27400BD2D86 /* Service */,
				A10B7D7829D9E26200BD2D86 /* Views */,
				A10B7D7729D9E25200BD2D86 /* ViewModel */,
				A10B7D7629D9E23400BD2D86 /* viewcontroller */,
				A10B7D7529D9E21F00BD2D86 /* App */,
				A10B7D7429D9E21500BD2D86 /* Model */,
				A10B7D7329D9E1FD00BD2D86 /* Extension */,
			);
			path = Test;
			sourceTree = "<group>";
		};
/* End PBXGroup section */

/* Begin PBXNativeTarget section */
		EC70685C29C98DA50049D26A /* Test */ = {
			isa = PBXNativeTarget;
			buildConfigurationList = EC70687129C98DAA0049D26A /* Build configuration list for PBXNativeTarget "Test" */;
			buildPhases = (
				EC70685929C98DA50049D26A /* Sources */,
				EC70685A29C98DA50049D26A /* Frameworks */,
				EC70685B29C98DA50049D26A /* Resources */,
			);
			buildRules = (
			);
			dependencies = (
			);
			name = Test;
			packageProductDependencies = (
				A10B7D7129D9C69400BD2D86 /* SnapKit */,
			);
			productName = Test;
			productReference = EC70685D29C98DA50049D26A /* Test.app */;
			productType = "com.apple.product-type.application";
		};
/* End PBXNativeTarget section */

/* Begin PBXProject section */
		EC70685529C98DA40049D26A /* Project object */ = {
			isa = PBXProject;
			attributes = {
				BuildIndependentTargetsInParallel = 1;
				LastSwiftUpdateCheck = 1420;
				LastUpgradeCheck = 1420;
				TargetAttributes = {
					EC70685C29C98DA50049D26A = {
						CreatedOnToolsVersion = 14.2;
					};
				};
			};
			buildConfigurationList = EC70685829C98DA40049D26A /* Build configuration list for PBXProject "Test" */;
			compatibilityVersion = "Xcode 14.0";
			developmentRegion = en;
			hasScannedForEncodings = 0;
			knownRegions = (
				en,
				Base,
			);
			mainGroup = EC70685429C98DA40049D26A;
			packageReferences = (
				A10B7D7029D9C69400BD2D86 /* XCRemoteSwiftPackageReference "SnapKit" */,
			);
			productRefGroup = EC70685E29C98DA50049D26A /* Products */;
			projectDirPath = "";
			projectRoot = "";
			targets = (
				EC70685C29C98DA50049D26A /* Test */,
			);
		};
/* End PBXProject section */

/* Begin PBXResourcesBuildPhase section */
		EC70685B29C98DA50049D26A /* Resources */ = {
			isa = PBXResourcesBuildPhase;
			buildActionMask = 2147483647;
			files = (
				EC70686D29C98DAA0049D26A /* LaunchScreen.storyboard in Resources */,
				EC70686A29C98DAA0049D26A /* Assets.xcassets in Resources */,
			);
			runOnlyForDeploymentPostprocessing = 0;
		};
/* End PBXResourcesBuildPhase section */

/* Begin PBXSourcesBuildPhase section */
		EC70685929C98DA50049D26A /* Sources */ = {
			isa = PBXSourcesBuildPhase;
			buildActionMask = 2147483647;
			files = (
				EC76C61129D3243400FBE408 /* Extension+UIViewController.swift in Sources */,
				A10B7D6F29D9C3E500BD2D86 /* ImagePage.swift in Sources */,
				EC76C60F29D31B6E00FBE408 /* NewService.swift in Sources */,
				EC76C60D29D3140600FBE408 /* NewViewCell.swift in Sources */,
				A10B7D6B29D8BA3700BD2D86 /* PinterestLayout.swift in Sources */,
				A10B7D7B29DC8C8300BD2D86 /* Date+Extension.swift in Sources */,
				EC70688329D30ECE0049D26A /* NewInfoViewModel.swift in Sources */,
				A10B7D6D29D9B3E500BD2D86 /* NewDetailController.swift in Sources */,
				EC70686129C98DA50049D26A /* AppDelegate.swift in Sources */,
				EC76C61329D33A0B00FBE408 /* MainNewController.swift in Sources */,
				EC70686329C98DA50049D26A /* SceneDelegate.swift in Sources */,
				EC70687529C98DCB0049D26A /* Model.swift in Sources */,
			);
			runOnlyForDeploymentPostprocessing = 0;
		};
/* End PBXSourcesBuildPhase section */

/* Begin PBXVariantGroup section */
		EC70686B29C98DAA0049D26A /* LaunchScreen.storyboard */ = {
			isa = PBXVariantGroup;
			children = (
				EC70686C29C98DAA0049D26A /* Base */,
			);
			name = LaunchScreen.storyboard;
			sourceTree = "<group>";
		};
/* End PBXVariantGroup section */

/* Begin XCBuildConfiguration section */
		EC70686F29C98DAA0049D26A /* Debug */ = {
			isa = XCBuildConfiguration;
			buildSettings = {
				ALWAYS_SEARCH_USER_PATHS = NO;
				CLANG_ANALYZER_NONNULL = YES;
				CLANG_ANALYZER_NUMBER_OBJECT_CONVERSION = YES_AGGRESSIVE;
				CLANG_CXX_LANGUAGE_STANDARD = "gnu++20";
				CLANG_ENABLE_MODULES = YES;
				CLANG_ENABLE_OBJC_ARC = YES;
				CLANG_ENABLE_OBJC_WEAK = YES;
				CLANG_WARN_BLOCK_CAPTURE_AUTORELEASING = YES;
				CLANG_WARN_BOOL_CONVERSION = YES;
				CLANG_WARN_COMMA = YES;
				CLANG_WARN_CONSTANT_CONVERSION = YES;
				CLANG_WARN_DEPRECATED_OBJC_IMPLEMENTATIONS = YES;
				CLANG_WARN_DIRECT_OBJC_ISA_USAGE = YES_ERROR;
				CLANG_WARN_DOCUMENTATION_COMMENTS = YES;
				CLANG_WARN_EMPTY_BODY = YES;
				CLANG_WARN_ENUM_CONVERSION = YES;
				CLANG_WARN_INFINITE_RECURSION = YES;
				CLANG_WARN_INT_CONVERSION = YES;
				CLANG_WARN_NON_LITERAL_NULL_CONVERSION = YES;
				CLANG_WARN_OBJC_IMPLICIT_RETAIN_SELF = YES;
				CLANG_WARN_OBJC_LITERAL_CONVERSION = YES;
				CLANG_WARN_OBJC_ROOT_CLASS = YES_ERROR;
				CLANG_WARN_QUOTED_INCLUDE_IN_FRAMEWORK_HEADER = YES;
				CLANG_WARN_RANGE_LOOP_ANALYSIS = YES;
				CLANG_WARN_STRICT_PROTOTYPES = YES;
				CLANG_WARN_SUSPICIOUS_MOVE = YES;
				CLANG_WARN_UNGUARDED_AVAILABILITY = YES_AGGRESSIVE;
				CLANG_WARN_UNREACHABLE_CODE = YES;
				CLANG_WARN__DUPLICATE_METHOD_MATCH = YES;
				COPY_PHASE_STRIP = NO;
				DEBUG_INFORMATION_FORMAT = dwarf;
				ENABLE_STRICT_OBJC_MSGSEND = YES;
				ENABLE_TESTABILITY = YES;
				GCC_C_LANGUAGE_STANDARD = gnu11;
				GCC_DYNAMIC_NO_PIC = NO;
				GCC_NO_COMMON_BLOCKS = YES;
				GCC_OPTIMIZATION_LEVEL = 0;
				GCC_PREPROCESSOR_DEFINITIONS = (
					"DEBUG=1",
					"$(inherited)",
				);
				GCC_WARN_64_TO_32_BIT_CONVERSION = YES;
				GCC_WARN_ABOUT_RETURN_TYPE = YES_ERROR;
				GCC_WARN_UNDECLARED_SELECTOR = YES;
				GCC_WARN_UNINITIALIZED_AUTOS = YES_AGGRESSIVE;
				GCC_WARN_UNUSED_FUNCTION = YES;
				GCC_WARN_UNUSED_VARIABLE = YES;
				IPHONEOS_DEPLOYMENT_TARGET = 16.2;
				MTL_ENABLE_DEBUG_INFO = INCLUDE_SOURCE;
				MTL_FAST_MATH = YES;
				ONLY_ACTIVE_ARCH = YES;
				SDKROOT = iphoneos;
				SWIFT_ACTIVE_COMPILATION_CONDITIONS = DEBUG;
				SWIFT_OPTIMIZATION_LEVEL = "-Onone";
			};
			name = Debug;
		};
		EC70687029C98DAA0049D26A /* Release */ = {
			isa = XCBuildConfiguration;
			buildSettings = {
				ALWAYS_SEARCH_USER_PATHS = NO;
				CLANG_ANALYZER_NONNULL = YES;
				CLANG_ANALYZER_NUMBER_OBJECT_CONVERSION = YES_AGGRESSIVE;
				CLANG_CXX_LANGUAGE_STANDARD = "gnu++20";
				CLANG_ENABLE_MODULES = YES;
				CLANG_ENABLE_OBJC_ARC = YES;
				CLANG_ENABLE_OBJC_WEAK = YES;
				CLANG_WARN_BLOCK_CAPTURE_AUTORELEASING = YES;
				CLANG_WARN_BOOL_CONVERSION = YES;
				CLANG_WARN_COMMA = YES;
				CLANG_WARN_CONSTANT_CONVERSION = YES;
				CLANG_WARN_DEPRECATED_OBJC_IMPLEMENTATIONS = YES;
				CLANG_WARN_DIRECT_OBJC_ISA_USAGE = YES_ERROR;
				CLANG_WARN_DOCUMENTATION_COMMENTS = YES;
				CLANG_WARN_EMPTY_BODY = YES;
				CLANG_WARN_ENUM_CONVERSION = YES;
				CLANG_WARN_INFINITE_RECURSION = YES;
				CLANG_WARN_INT_CONVERSION = YES;
				CLANG_WARN_NON_LITERAL_NULL_CONVERSION = YES;
				CLANG_WARN_OBJC_IMPLICIT_RETAIN_SELF = YES;
				CLANG_WARN_OBJC_LITERAL_CONVERSION = YES;
				CLANG_WARN_OBJC_ROOT_CLASS = YES_ERROR;
				CLANG_WARN_QUOTED_INCLUDE_IN_FRAMEWORK_HEADER = YES;
				CLANG_WARN_RANGE_LOOP_ANALYSIS = YES;
				CLANG_WARN_STRICT_PROTOTYPES = YES;
				CLANG_WARN_SUSPICIOUS_MOVE = YES;
				CLANG_WARN_UNGUARDED_AVAILABILITY = YES_AGGRESSIVE;
				CLANG_WARN_UNREACHABLE_CODE = YES;
				CLANG_WARN__DUPLICATE_METHOD_MATCH = YES;
				COPY_PHASE_STRIP = NO;
				DEBUG_INFORMATION_FORMAT = "dwarf-with-dsym";
				ENABLE_NS_ASSERTIONS = NO;
				ENABLE_STRICT_OBJC_MSGSEND = YES;
				GCC_C_LANGUAGE_STANDARD = gnu11;
				GCC_NO_COMMON_BLOCKS = YES;
				GCC_WARN_64_TO_32_BIT_CONVERSION = YES;
				GCC_WARN_ABOUT_RETURN_TYPE = YES_ERROR;
				GCC_WARN_UNDECLARED_SELECTOR = YES;
				GCC_WARN_UNINITIALIZED_AUTOS = YES_AGGRESSIVE;
				GCC_WARN_UNUSED_FUNCTION = YES;
				GCC_WARN_UNUSED_VARIABLE = YES;
				IPHONEOS_DEPLOYMENT_TARGET = 16.2;
				MTL_ENABLE_DEBUG_INFO = NO;
				MTL_FAST_MATH = YES;
				SDKROOT = iphoneos;
				SWIFT_COMPILATION_MODE = wholemodule;
				SWIFT_OPTIMIZATION_LEVEL = "-O";
				VALIDATE_PRODUCT = YES;
			};
			name = Release;
		};
		EC70687229C98DAA0049D26A /* Debug */ = {
			isa = XCBuildConfiguration;
			buildSettings = {
				ASSETCATALOG_COMPILER_APPICON_NAME = AppIcon;
				ASSETCATALOG_COMPILER_GLOBAL_ACCENT_COLOR_NAME = AccentColor;
				CODE_SIGN_STYLE = Automatic;
				CURRENT_PROJECT_VERSION = 1;
				DEVELOPMENT_TEAM = 5V4PQH75UR;
				GENERATE_INFOPLIST_FILE = YES;
				INFOPLIST_FILE = Test/Info.plist;
				INFOPLIST_KEY_UIApplicationSupportsIndirectInputEvents = YES;
				INFOPLIST_KEY_UILaunchStoryboardName = LaunchScreen;
				INFOPLIST_KEY_UISupportedInterfaceOrientations_iPad = "UIInterfaceOrientationPortrait UIInterfaceOrientationPortraitUpsideDown UIInterfaceOrientationLandscapeLeft UIInterfaceOrientationLandscapeRight";
				INFOPLIST_KEY_UISupportedInterfaceOrientations_iPhone = "UIInterfaceOrientationPortrait UIInterfaceOrientationLandscapeLeft UIInterfaceOrientationLandscapeRight";
				LD_RUNPATH_SEARCH_PATHS = (
					"$(inherited)",
					"@executable_path/Frameworks",
				);
				MARKETING_VERSION = 1.0;
				PRODUCT_BUNDLE_IDENTIFIER = "-.Test";
				PRODUCT_NAME = "$(TARGET_NAME)";
				SWIFT_EMIT_LOC_STRINGS = YES;
				SWIFT_VERSION = 5.0;
				TARGETED_DEVICE_FAMILY = "1,2";
			};
			name = Debug;
		};
		EC70687329C98DAA0049D26A /* Release */ = {
			isa = XCBuildConfiguration;
			buildSettings = {
				ASSETCATALOG_COMPILER_APPICON_NAME = AppIcon;
				ASSETCATALOG_COMPILER_GLOBAL_ACCENT_COLOR_NAME = AccentColor;
				CODE_SIGN_STYLE = Automatic;
				CURRENT_PROJECT_VERSION = 1;
				DEVELOPMENT_TEAM = 5V4PQH75UR;
				GENERATE_INFOPLIST_FILE = YES;
				INFOPLIST_FILE = Test/Info.plist;
				INFOPLIST_KEY_UIApplicationSupportsIndirectInputEvents = YES;
				INFOPLIST_KEY_UILaunchStoryboardName = LaunchScreen;
				INFOPLIST_KEY_UISupportedInterfaceOrientations_iPad = "UIInterfaceOrientationPortrait UIInterfaceOrientationPortraitUpsideDown UIInterfaceOrientationLandscapeLeft UIInterfaceOrientationLandscapeRight";
				INFOPLIST_KEY_UISupportedInterfaceOrientations_iPhone = "UIInterfaceOrientationPortrait UIInterfaceOrientationLandscapeLeft UIInterfaceOrientationLandscapeRight";
				LD_RUNPATH_SEARCH_PATHS = (
					"$(inherited)",
					"@executable_path/Frameworks",
				);
				MARKETING_VERSION = 1.0;
				PRODUCT_BUNDLE_IDENTIFIER = "-.Test";
				PRODUCT_NAME = "$(TARGET_NAME)";
				SWIFT_EMIT_LOC_STRINGS = YES;
				SWIFT_VERSION = 5.0;
				TARGETED_DEVICE_FAMILY = "1,2";
			};
			name = Release;
		};
/* End XCBuildConfiguration section */

/* Begin XCConfigurationList section */
		EC70685829C98DA40049D26A /* Build configuration list for PBXProject "Test" */ = {
			isa = XCConfigurationList;
			buildConfigurations = (
				EC70686F29C98DAA0049D26A /* Debug */,
				EC70687029C98DAA0049D26A /* Release */,
			);
			defaultConfigurationIsVisible = 0;
			defaultConfigurationName = Release;
		};
		EC70687129C98DAA0049D26A /* Build configuration list for PBXNativeTarget "Test" */ = {
			isa = XCConfigurationList;
			buildConfigurations = (
				EC70687229C98DAA0049D26A /* Debug */,
				EC70687329C98DAA0049D26A /* Release */,
			);
			defaultConfigurationIsVisible = 0;
			defaultConfigurationName = Release;
		};
/* End XCConfigurationList section */

/* Begin XCRemoteSwiftPackageReference section */
		A10B7D7029D9C69400BD2D86 /* XCRemoteSwiftPackageReference "SnapKit" */ = {
			isa = XCRemoteSwiftPackageReference;
			repositoryURL = "https://github.com/SnapKit/SnapKit.git";
			requirement = {
				kind = upToNextMajorVersion;
				minimumVersion = 5.0.0;
			};
		};
/* End XCRemoteSwiftPackageReference section */

/* Begin XCSwiftPackageProductDependency section */
		A10B7D7129D9C69400BD2D86 /* SnapKit */ = {
			isa = XCSwiftPackageProductDependency;
			package = A10B7D7029D9C69400BD2D86 /* XCRemoteSwiftPackageReference "SnapKit" */;
			productName = SnapKit;
		};
/* End XCSwiftPackageProductDependency section */
	};
	rootObject = EC70685529C98DA40049D26A /* Project object */;
}
